
Microsoft Visual Studio Solution File, Format Version 12.00
# Visual Studio Version 16
VisualStudioVersion = 16.0.31515.178
MinimumVisualStudioVersion = 10.0.40219.1
Project("{9A19103F-16F7-4668-BE54-9A1E7A4F7556}") = "ConsoleApp1", "ConsoleApp1\ConsoleApp1.csproj", "{2D4B6220-59B8-4989-93AE-F4B7896C4DC3}"
EndProject
Global
	GlobalSection(SolutionConfigurationPlatforms) = preSolution
		Debug|Any CPU = Debug|Any CPU
		Release|Any CPU = Release|Any CPU
	EndGlobalSection
	GlobalSection(ProjectConfigurationPlatforms) = postSolution
		{2D4B6220-59B8-4989-93AE-F4B7896C4DC3}.Debug|Any CPU.ActiveCfg = Debug|Any CPU
		{2D4B6220-59B8-4989-93AE-F4B7896C4DC3}.Debug|Any CPU.Build.0 = Debug|Any CPU
		{2D4B6220-59B8-4989-93AE-F4B7896C4DC3}.Release|Any CPU.ActiveCfg = Release|Any CPU
		{2D4B6220-59B8-4989-93AE-F4B7896C4DC3}.Release|Any CPU.Build.0 = Release|Any CPU
	EndGlobalSection
	GlobalSection(SolutionProperties) = preSolution
		HideSolutionNode = FALSE
	EndGlobalSection
	GlobalSection(ExtensibilityGlobals) = postSolution
		SolutionGuid = {1B1D6405-9AF6-4C00-9826-9AD57BD53A8C}
	EndGlobalSection
EndGlobal
